
Microsoft Visual Studio Solution File, Format Version 12.00
# Visual Studio Version 17
VisualStudioVersion = 17.4.33403.182
MinimumVisualStudioVersion = 10.0.40219.1
Project("{FAE04EC0-301F-11D3-BF4B-00C04F79EFBC}") = "Barcode", "Barcode\Barcode.csproj", "{BFF339E2-C632-48DF-8F27-C1076BA91D16}"
EndProject
Global
	GlobalSection(SolutionConfigurationPlatforms) = preSolution
		Debug|Any CPU = Debug|Any CPU
		Release|Any CPU = Release|Any CPU
	EndGlobalSection
	GlobalSection(ProjectConfigurationPlatforms) = postSolution
		{BFF339E2-C632-48DF-8F27-C1076BA91D16}.Debug|Any CPU.ActiveCfg = Debug|Any CPU
		{BFF339E2-C632-48DF-8F27-C1076BA91D16}.Debug|Any CPU.Build.0 = Debug|Any CPU
		{BFF339E2-C632-48DF-8F27-C1076BA91D16}.Release|Any CPU.ActiveCfg = Release|Any CPU
		{BFF339E2-C632-48DF-8F27-C1076BA91D16}.Release|Any CPU.Build.0 = Release|Any CPU
	EndGlobalSection
	GlobalSection(SolutionProperties) = preSolution
		HideSolutionNode = FALSE
	EndGlobalSection
	GlobalSection(ExtensibilityGlobals) = postSolution
		SolutionGuid = {62073ECE-AA42-4FF3-A6C0-324421AB69E8}
	EndGlobalSection
EndGlobal
